// !$*UTF8*$!
{
	archiveVersion = 1;
	classes = {
	};
	objectVersion = 46;
	objects = {

/* Begin PBXBuildFile section */
		B150E49816F10FA300AC2DCD /* m_pd.h in Headers */ = {isa = PBXBuildFile; fileRef = B150E49716F10FA300AC2DCD /* m_pd.h */; };
		B150E49A16F10FB100AC2DCD /* pdfsm.c in Sources */ = {isa = PBXBuildFile; fileRef = B150E49916F10FB100AC2DCD /* pdfsm.c */; };
		B1B4D9451808DCB7003C27A3 /* pdutils.c in Sources */ = {isa = PBXBuildFile; fileRef = B1B4D9431808DCB7003C27A3 /* pdutils.c */; };
		B1B4D9461808DCB7003C27A3 /* pdutils.h in Headers */ = {isa = PBXBuildFile; fileRef = B1B4D9441808DCB7003C27A3 /* pdutils.h */; };
/* End PBXBuildFile section */

/* Begin PBXFileReference section */
		B150E49016F10EE100AC2DCD /* fsm.pd_darwin */ = {isa = PBXFileReference; explicitFileType = "compiled.mach-o.dylib"; includeInIndex = 0; path = fsm.pd_darwin; sourceTree = BUILT_PRODUCTS_DIR; };
		B150E49716F10FA300AC2DCD /* m_pd.h */ = {isa = PBXFileReference; fileEncoding = 4; lastKnownFileType = sourcecode.c.h; path = m_pd.h; sourceTree = "<group>"; };
		B150E49916F10FB100AC2DCD /* pdfsm.c */ = {isa = PBXFileReference; fileEncoding = 4; lastKnownFileType = sourcecode.c.c; path = pdfsm.c; sourceTree = "<group>"; };
		B1B4D9431808DCB7003C27A3 /* pdutils.c */ = {isa = PBXFileReference; fileEncoding = 4; lastKnownFileType = sourcecode.c.c; path = pdutils.c; sourceTree = "<group>"; };
		B1B4D9441808DCB7003C27A3 /* pdutils.h */ = {isa = PBXFileReference; fileEncoding = 4; lastKnownFileType = sourcecode.c.h; path = pdutils.h; sourceTree = "<group>"; };
/* End PBXFileReference section */

/* Begin PBXFrameworksBuildPhase section */
		B150E48D16F10EE100AC2DCD /* Frameworks */ = {
			isa = PBXFrameworksBuildPhase;
			buildActionMask = 2147483647;
			files = (
			);
			runOnlyForDeploymentPostprocessing = 0;
		};
/* End PBXFrameworksBuildPhase section */

/* Begin PBXGroup section */
		B150E48716F10EE100AC2DCD = {
			isa = PBXGroup;
			children = (
				B150E49916F10FB100AC2DCD /* pdfsm.c */,
				B150E49716F10FA300AC2DCD /* m_pd.h */,
				B1B4D9431808DCB7003C27A3 /* pdutils.c */,
				B1B4D9441808DCB7003C27A3 /* pdutils.h */,
				B150E49116F10EE100AC2DCD /* Products */,
			);
			sourceTree = "<group>";
		};
		B150E49116F10EE100AC2DCD /* Products */ = {
			isa = PBXGroup;
			children = (
				B150E49016F10EE100AC2DCD /* fsm.pd_darwin */,
			);
			name = Products;
			sourceTree = "<group>";
		};
/* End PBXGroup section */

/* Begin PBXHeadersBuildPhase section */
		B150E48E16F10EE100AC2DCD /* Headers */ = {
			isa = PBXHeadersBuildPhase;
			buildActionMask = 2147483647;
			files = (
				B1B4D9461808DCB7003C27A3 /* pdutils.h in Headers */,
				B150E49816F10FA300AC2DCD /* m_pd.h in Headers */,
			);
			runOnlyForDeploymentPostprocessing = 0;
		};
/* End PBXHeadersBuildPhase section */

/* Begin PBXNativeTarget section */
		B150E48F16F10EE100AC2DCD /* pdfsm */ = {
			isa = PBXNativeTarget;
			buildConfigurationList = B150E49416F10EE100AC2DCD /* Build configuration list for PBXNativeTarget "pdfsm" */;
			buildPhases = (
				B150E48C16F10EE100AC2DCD /* Sources */,
				B150E48D16F10EE100AC2DCD /* Frameworks */,
				B150E48E16F10EE100AC2DCD /* Headers */,
			);
			buildRules = (
			);
			dependencies = (
			);
			name = pdfsm;
			productName = submarine;
			productReference = B150E49016F10EE100AC2DCD /* fsm.pd_darwin */;
			productType = "com.apple.product-type.library.dynamic";
		};
/* End PBXNativeTarget section */

/* Begin PBXProject section */
		B150E48816F10EE100AC2DCD /* Project object */ = {
			isa = PBXProject;
			attributes = {
				LastUpgradeCheck = 0460;
				ORGANIZATIONNAME = "Tiago Rezende";
			};
			buildConfigurationList = B150E48B16F10EE100AC2DCD /* Build configuration list for PBXProject "pdfsm" */;
			compatibilityVersion = "Xcode 3.2";
			developmentRegion = English;
			hasScannedForEncodings = 0;
			knownRegions = (
				en,
			);
			mainGroup = B150E48716F10EE100AC2DCD;
			productRefGroup = B150E49116F10EE100AC2DCD /* Products */;
			projectDirPath = "";
			projectRoot = "";
			targets = (
				B150E48F16F10EE100AC2DCD /* pdfsm */,
			);
		};
/* End PBXProject section */

/* Begin PBXSourcesBuildPhase section */
		B150E48C16F10EE100AC2DCD /* Sources */ = {
			isa = PBXSourcesBuildPhase;
			buildActionMask = 2147483647;
			files = (
				B150E49A16F10FB100AC2DCD /* pdfsm.c in Sources */,
				B1B4D9451808DCB7003C27A3 /* pdutils.c in Sources */,
			);
			runOnlyForDeploymentPostprocessing = 0;
		};
/* End PBXSourcesBuildPhase section */

/* Begin XCBuildConfiguration section */
		B150E49216F10EE100AC2DCD /* Debug */ = {
			isa = XCBuildConfiguration;
			buildSettings = {
				ALWAYS_SEARCH_USER_PATHS = NO;
				ARCHS = "$(ARCHS_STANDARD_32_BIT)";
				CLANG_CXX_LANGUAGE_STANDARD = "gnu++0x";
				CLANG_CXX_LIBRARY = "libc++";
				CLANG_WARN_CONSTANT_CONVERSION = YES;
				CLANG_WARN_EMPTY_BODY = YES;
				CLANG_WARN_ENUM_CONVERSION = YES;
				CLANG_WARN_INT_CONVERSION = YES;
				CLANG_WARN__DUPLICATE_METHOD_MATCH = YES;
				COPY_PHASE_STRIP = NO;
				GCC_C_LANGUAGE_STANDARD = gnu99;
				GCC_DYNAMIC_NO_PIC = NO;
				GCC_ENABLE_OBJC_EXCEPTIONS = YES;
				GCC_OPTIMIZATION_LEVEL = 0;
				GCC_PREPROCESSOR_DEFINITIONS = (
					"DEBUG=1",
					"$(inherited)",
				);
				GCC_SYMBOLS_PRIVATE_EXTERN = NO;
				GCC_WARN_64_TO_32_BIT_CONVERSION = YES;
				GCC_WARN_ABOUT_RETURN_TYPE = YES;
				GCC_WARN_UNINITIALIZED_AUTOS = YES;
				GCC_WARN_UNUSED_VARIABLE = YES;
				MACOSX_DEPLOYMENT_TARGET = 10.8;
				ONLY_ACTIVE_ARCH = YES;
			};
			name = Debug;
		};
		B150E49316F10EE100AC2DCD /* Release */ = {
			isa = XCBuildConfiguration;
			buildSettings = {
				ALWAYS_SEARCH_USER_PATHS = NO;
				ARCHS = "$(ARCHS_STANDARD_32_BIT)";
				CLANG_CXX_LANGUAGE_STANDARD = "gnu++0x";
				CLANG_CXX_LIBRARY = "libc++";
				CLANG_WARN_CONSTANT_CONVERSION = YES;
				CLANG_WARN_EMPTY_BODY = YES;
				CLANG_WARN_ENUM_CONVERSION = YES;
				CLANG_WARN_INT_CONVERSION = YES;
				CLANG_WARN__DUPLICATE_METHOD_MATCH = YES;
				COPY_PHASE_STRIP = YES;
				DEBUG_INFORMATION_FORMAT = "dwarf-with-dsym";
				GCC_C_LANGUAGE_STANDARD = gnu99;
				GCC_ENABLE_OBJC_EXCEPTIONS = YES;
				GCC_WARN_64_TO_32_BIT_CONVERSION = YES;
				GCC_WARN_ABOUT_RETURN_TYPE = YES;
				GCC_WARN_UNINITIALIZED_AUTOS = YES;
				GCC_WARN_UNUSED_VARIABLE = YES;
				MACOSX_DEPLOYMENT_TARGET = 10.8;
			};
			name = Release;
		};
		B150E49516F10EE100AC2DCD /* Debug */ = {
			isa = XCBuildConfiguration;
			buildSettings = {
				ARCHS = "$(ARCHS_STANDARD_32_64_BIT)";
				EXECUTABLE_EXTENSION = pd_darwin;
				EXECUTABLE_PREFIX = "";
				LD_NO_PIE = YES;
				MACOSX_DEPLOYMENT_TARGET = 10.4;
				OTHER_LDFLAGS = (
					"-undefined",
					dynamic_lookup,
				);
				PRODUCT_NAME = fsm;
				SYMROOT = "../pd objects";
			};
			name = Debug;
		};
		B150E49616F10EE100AC2DCD /* Release */ = {
			isa = XCBuildConfiguration;
			buildSettings = {
				ARCHS = "$(ARCHS_STANDARD_32_64_BIT)";
				EXECUTABLE_EXTENSION = pd_darwin;
				EXECUTABLE_PREFIX = "";
				LD_NO_PIE = YES;
				MACOSX_DEPLOYMENT_TARGET = 10.4;
				OTHER_LDFLAGS = (
					"-undefined",
					dynamic_lookup,
				);
				PRODUCT_NAME = fsm;
				SYMROOT = "../pd objects";
			};
			name = Release;
		};
/* End XCBuildConfiguration section */

/* Begin XCConfigurationList section */
		B150E48B16F10EE100AC2DCD /* Build configuration list for PBXProject "pdfsm" */ = {
			isa = XCConfigurationList;
			buildConfigurations = (
				B150E49216F10EE100AC2DCD /* Debug */,
				B150E49316F10EE100AC2DCD /* Release */,
			);
			defaultConfigurationIsVisible = 0;
			defaultConfigurationName = Release;
		};
		B150E49416F10EE100AC2DCD /* Build configuration list for PBXNativeTarget "pdfsm" */ = {
			isa = XCConfigurationList;
			buildConfigurations = (
				B150E49516F10EE100AC2DCD /* Debug */,
				B150E49616F10EE100AC2DCD /* Release */,
			);
			defaultConfigurationIsVisible = 0;
			defaultConfigurationName = Release;
		};
/* End XCConfigurationList section */
	};
	rootObject = B150E48816F10EE100AC2DCD /* Project object */;
}
